
Microsoft Visual Studio Solution File, Format Version 12.00
# Visual Studio Version 17
VisualStudioVersion = 17.5.33326.253
MinimumVisualStudioVersion = 10.0.40219.1
Project("{9A19103F-16F7-4668-BE54-9A1E7A4F7556}") = "PluginDemo.App", "PluginDemo.App\PluginDemo.App.csproj", "{3BAAFE0E-9972-420A-95A5-511B2E95937E}"
EndProject
Project("{9A19103F-16F7-4668-BE54-9A1E7A4F7556}") = "PluginDemo.Interfaces", "PluginDemo.Interfaces\PluginDemo.Interfaces.csproj", "{A23CCD28-8800-4AD6-BA85-362E0B3F463B}"
EndProject
Project("{2150E333-8FDC-42A3-9474-1A3956D46DE8}") = "Implementations", "Implementations", "{29E1AAC3-FEBD-4E9F-AC79-0F17C71C00E4}"
EndProject
Project("{9A19103F-16F7-4668-BE54-9A1E7A4F7556}") = "PluginDemo.Implementations.DemoPlugin1", "PluginDemo.Implementations.DemoPlugin1\PluginDemo.Implementations.DemoPlugin1.csproj", "{19FAC287-6BD5-42B8-B427-43C4823B99BD}"
EndProject
Project("{9A19103F-16F7-4668-BE54-9A1E7A4F7556}") = "PluginDemo.Implementations.DemoPlugin2", "PluginDemo.Implementations.DemoPlugin2\PluginDemo.Implementations.DemoPlugin2.csproj", "{00D29B79-730E-4941-8A60-29C769E3355C}"
EndProject
Project("{9A19103F-16F7-4668-BE54-9A1E7A4F7556}") = "PluginDemo.Implementations.Base", "PluginDemo.Implementations.Base\PluginDemo.Implementations.Base.csproj", "{55A4B1DF-1530-472F-A053-8BCB637E7CC4}"
EndProject
Project("{9A19103F-16F7-4668-BE54-9A1E7A4F7556}") = "PluginDemo.Management", "PluginDemo.Management\PluginDemo.Management.csproj", "{FF74D747-A8EE-4DC4-BF1C-D2B66698DA5C}"
EndProject
Project("{2150E333-8FDC-42A3-9474-1A3956D46DE8}") = "Tests", "Tests", "{68231F05-D15A-4BB3-9715-6BC8D0B87A8D}"
EndProject
Project("{9A19103F-16F7-4668-BE54-9A1E7A4F7556}") = "PluginDemo.Tests", "PluginDemo.Tests\PluginDemo.Tests.csproj", "{021928BF-6C18-49C0-ACDD-E5D7997AACB7}"
EndProject
Project("{9A19103F-16F7-4668-BE54-9A1E7A4F7556}") = "PluginDemo.Helpers.Serialization", "PluginDemo.Helpers.Serialization\PluginDemo.Helpers.Serialization.csproj", "{E99925CC-B067-4071-8D19-F97FB1E67A48}"
EndProject
Project("{9A19103F-16F7-4668-BE54-9A1E7A4F7556}") = "PluginDemo.Attributes", "PluginDemo.Attributes\PluginDemo.Attributes.csproj", "{33B03AC0-DC75-4523-AA28-1FE4156F1628}"
EndProject
Project("{9A19103F-16F7-4668-BE54-9A1E7A4F7556}") = "PluginDemo.Helpers", "PluginDemo.Helpers\PluginDemo.Helpers.csproj", "{97435722-CD92-49F1-85B9-5C500A94AFD6}"
EndProject
Project("{2150E333-8FDC-42A3-9474-1A3956D46DE8}") = "PLugins", "PLugins", "{6FC99565-A40B-4479-B594-7846065970D0}"
EndProject
Project("{2150E333-8FDC-42A3-9474-1A3956D46DE8}") = "Interfaces", "Interfaces", "{9125516C-5041-4EDA-ACB2-DB548D42F819}"
EndProject
Project("{FAE04EC0-301F-11D3-BF4B-00C04F79EFBC}") = "PluginDemo.Common.Windows", "PluginDemo.Common.Windows\PluginDemo.Common.Windows.csproj", "{BDD37137-60D0-43E6-A55C-8D61B3F1EAD9}"
EndProject
Global
	GlobalSection(SolutionConfigurationPlatforms) = preSolution
		Debug|Any CPU = Debug|Any CPU
		Release|Any CPU = Release|Any CPU
	EndGlobalSection
	GlobalSection(ProjectConfigurationPlatforms) = postSolution
		{3BAAFE0E-9972-420A-95A5-511B2E95937E}.Debug|Any CPU.ActiveCfg = Debug|Any CPU
		{3BAAFE0E-9972-420A-95A5-511B2E95937E}.Debug|Any CPU.Build.0 = Debug|Any CPU
		{3BAAFE0E-9972-420A-95A5-511B2E95937E}.Release|Any CPU.ActiveCfg = Release|Any CPU
		{3BAAFE0E-9972-420A-95A5-511B2E95937E}.Release|Any CPU.Build.0 = Release|Any CPU
		{A23CCD28-8800-4AD6-BA85-362E0B3F463B}.Debug|Any CPU.ActiveCfg = Debug|Any CPU
		{A23CCD28-8800-4AD6-BA85-362E0B3F463B}.Debug|Any CPU.Build.0 = Debug|Any CPU
		{A23CCD28-8800-4AD6-BA85-362E0B3F463B}.Release|Any CPU.ActiveCfg = Release|Any CPU
		{A23CCD28-8800-4AD6-BA85-362E0B3F463B}.Release|Any CPU.Build.0 = Release|Any CPU
		{19FAC287-6BD5-42B8-B427-43C4823B99BD}.Debug|Any CPU.ActiveCfg = Debug|Any CPU
		{19FAC287-6BD5-42B8-B427-43C4823B99BD}.Debug|Any CPU.Build.0 = Debug|Any CPU
		{19FAC287-6BD5-42B8-B427-43C4823B99BD}.Release|Any CPU.ActiveCfg = Release|Any CPU
		{19FAC287-6BD5-42B8-B427-43C4823B99BD}.Release|Any CPU.Build.0 = Release|Any CPU
		{00D29B79-730E-4941-8A60-29C769E3355C}.Debug|Any CPU.ActiveCfg = Debug|Any CPU
		{00D29B79-730E-4941-8A60-29C769E3355C}.Debug|Any CPU.Build.0 = Debug|Any CPU
		{00D29B79-730E-4941-8A60-29C769E3355C}.Release|Any CPU.ActiveCfg = Release|Any CPU
		{00D29B79-730E-4941-8A60-29C769E3355C}.Release|Any CPU.Build.0 = Release|Any CPU
		{55A4B1DF-1530-472F-A053-8BCB637E7CC4}.Debug|Any CPU.ActiveCfg = Debug|Any CPU
		{55A4B1DF-1530-472F-A053-8BCB637E7CC4}.Debug|Any CPU.Build.0 = Debug|Any CPU
		{55A4B1DF-1530-472F-A053-8BCB637E7CC4}.Release|Any CPU.ActiveCfg = Release|Any CPU
		{55A4B1DF-1530-472F-A053-8BCB637E7CC4}.Release|Any CPU.Build.0 = Release|Any CPU
		{FF74D747-A8EE-4DC4-BF1C-D2B66698DA5C}.Debug|Any CPU.ActiveCfg = Debug|Any CPU
		{FF74D747-A8EE-4DC4-BF1C-D2B66698DA5C}.Debug|Any CPU.Build.0 = Debug|Any CPU
		{FF74D747-A8EE-4DC4-BF1C-D2B66698DA5C}.Release|Any CPU.ActiveCfg = Release|Any CPU
		{FF74D747-A8EE-4DC4-BF1C-D2B66698DA5C}.Release|Any CPU.Build.0 = Release|Any CPU
		{021928BF-6C18-49C0-ACDD-E5D7997AACB7}.Debug|Any CPU.ActiveCfg = Debug|Any CPU
		{021928BF-6C18-49C0-ACDD-E5D7997AACB7}.Debug|Any CPU.Build.0 = Debug|Any CPU
		{021928BF-6C18-49C0-ACDD-E5D7997AACB7}.Release|Any CPU.ActiveCfg = Release|Any CPU
		{021928BF-6C18-49C0-ACDD-E5D7997AACB7}.Release|Any CPU.Build.0 = Release|Any CPU
		{E99925CC-B067-4071-8D19-F97FB1E67A48}.Debug|Any CPU.ActiveCfg = Debug|Any CPU
		{E99925CC-B067-4071-8D19-F97FB1E67A48}.Debug|Any CPU.Build.0 = Debug|Any CPU
		{E99925CC-B067-4071-8D19-F97FB1E67A48}.Release|Any CPU.ActiveCfg = Release|Any CPU
		{E99925CC-B067-4071-8D19-F97FB1E67A48}.Release|Any CPU.Build.0 = Release|Any CPU
		{33B03AC0-DC75-4523-AA28-1FE4156F1628}.Debug|Any CPU.ActiveCfg = Debug|Any CPU
		{33B03AC0-DC75-4523-AA28-1FE4156F1628}.Debug|Any CPU.Build.0 = Debug|Any CPU
		{33B03AC0-DC75-4523-AA28-1FE4156F1628}.Release|Any CPU.ActiveCfg = Release|Any CPU
		{33B03AC0-DC75-4523-AA28-1FE4156F1628}.Release|Any CPU.Build.0 = Release|Any CPU
		{97435722-CD92-49F1-85B9-5C500A94AFD6}.Debug|Any CPU.ActiveCfg = Debug|Any CPU
		{97435722-CD92-49F1-85B9-5C500A94AFD6}.Debug|Any CPU.Build.0 = Debug|Any CPU
		{97435722-CD92-49F1-85B9-5C500A94AFD6}.Release|Any CPU.ActiveCfg = Release|Any CPU
		{97435722-CD92-49F1-85B9-5C500A94AFD6}.Release|Any CPU.Build.0 = Release|Any CPU
		{BDD37137-60D0-43E6-A55C-8D61B3F1EAD9}.Debug|Any CPU.ActiveCfg = Debug|Any CPU
		{BDD37137-60D0-43E6-A55C-8D61B3F1EAD9}.Debug|Any CPU.Build.0 = Debug|Any CPU
		{BDD37137-60D0-43E6-A55C-8D61B3F1EAD9}.Release|Any CPU.ActiveCfg = Release|Any CPU
		{BDD37137-60D0-43E6-A55C-8D61B3F1EAD9}.Release|Any CPU.Build.0 = Release|Any CPU
	EndGlobalSection
	GlobalSection(SolutionProperties) = preSolution
		HideSolutionNode = FALSE
	EndGlobalSection
	GlobalSection(NestedProjects) = preSolution
		{A23CCD28-8800-4AD6-BA85-362E0B3F463B} = {9125516C-5041-4EDA-ACB2-DB548D42F819}
		{19FAC287-6BD5-42B8-B427-43C4823B99BD} = {6FC99565-A40B-4479-B594-7846065970D0}
		{00D29B79-730E-4941-8A60-29C769E3355C} = {6FC99565-A40B-4479-B594-7846065970D0}
		{55A4B1DF-1530-472F-A053-8BCB637E7CC4} = {29E1AAC3-FEBD-4E9F-AC79-0F17C71C00E4}
		{021928BF-6C18-49C0-ACDD-E5D7997AACB7} = {68231F05-D15A-4BB3-9715-6BC8D0B87A8D}
		{6FC99565-A40B-4479-B594-7846065970D0} = {29E1AAC3-FEBD-4E9F-AC79-0F17C71C00E4}
	EndGlobalSection
	GlobalSection(ExtensibilityGlobals) = postSolution
		SolutionGuid = {9932A6EC-E89C-4CA7-B69B-2F7FCCAC6EFB}
	EndGlobalSection
EndGlobal
